
Microsoft Visual Studio Solution File, Format Version 12.00
# Visual Studio Version 16
VisualStudioVersion = 16.0.30114.105
MinimumVisualStudioVersion = 10.0.40219.1
Project("{9A19103F-16F7-4668-BE54-9A1E7A4F7556}") = "gdmc-2021-proj", "gdmc-2021-proj.csproj", "{62249C9E-B930-4746-BBD8-005CFCD0499E}"
EndProject
Global
	GlobalSection(SolutionConfigurationPlatforms) = preSolution
		Debug|Any CPU = Debug|Any CPU
		Release|Any CPU = Release|Any CPU
	EndGlobalSection
	GlobalSection(ProjectConfigurationPlatforms) = postSolution
		{62249C9E-B930-4746-BBD8-005CFCD0499E}.Debug|Any CPU.ActiveCfg = Debug|Any CPU
		{62249C9E-B930-4746-BBD8-005CFCD0499E}.Debug|Any CPU.Build.0 = Debug|Any CPU
		{62249C9E-B930-4746-BBD8-005CFCD0499E}.Release|Any CPU.ActiveCfg = Release|Any CPU
		{62249C9E-B930-4746-BBD8-005CFCD0499E}.Release|Any CPU.Build.0 = Release|Any CPU
	EndGlobalSection
	GlobalSection(SolutionProperties) = preSolution
		HideSolutionNode = FALSE
	EndGlobalSection
	GlobalSection(ExtensibilityGlobals) = postSolution
		SolutionGuid = {3CEC721C-4394-40F6-8A0F-13372B05B0FA}
	EndGlobalSection
EndGlobal
